
Microsoft Visual Studio Solution File, Format Version 12.00
# Visual Studio Version 17
VisualStudioVersion = 17.3.32825.248
MinimumVisualStudioVersion = 10.0.40219.1
Project("{FAE04EC0-301F-11D3-BF4B-00C04F79EFBC}") = "customersupport", "customersupport\customersupport.csproj", "{782226E3-D33D-40BC-9AFC-7D1738EC3C49}"
EndProject
Global
	GlobalSection(SolutionConfigurationPlatforms) = preSolution
		Debug|Any CPU = Debug|Any CPU
		Release|Any CPU = Release|Any CPU
	EndGlobalSection
	GlobalSection(ProjectConfigurationPlatforms) = postSolution
		{782226E3-D33D-40BC-9AFC-7D1738EC3C49}.Debug|Any CPU.ActiveCfg = Debug|Any CPU
		{782226E3-D33D-40BC-9AFC-7D1738EC3C49}.Debug|Any CPU.Build.0 = Debug|Any CPU
		{782226E3-D33D-40BC-9AFC-7D1738EC3C49}.Release|Any CPU.ActiveCfg = Release|Any CPU
		{782226E3-D33D-40BC-9AFC-7D1738EC3C49}.Release|Any CPU.Build.0 = Release|Any CPU
	EndGlobalSection
	GlobalSection(SolutionProperties) = preSolution
		HideSolutionNode = FALSE
	EndGlobalSection
	GlobalSection(ExtensibilityGlobals) = postSolution
		SolutionGuid = {6508B3FC-0863-4EA1-9411-3B9D9808D3E9}
	EndGlobalSection
EndGlobal
